// !$*UTF8*$!
{
	archiveVersion = 1;
	classes = {
	};
	objectVersion = 46;
	objects = {

/* Begin PBXBuildFile section */
		3F097A031BCFFC6200F7BB2B /* config.plist in Resources */ = {isa = PBXBuildFile; fileRef = 3F097A021BCFFC6200F7BB2B /* config.plist */; };
		3F155F801C0CC9290022F4DD /* PreferencesConfig.m in Sources */ = {isa = PBXBuildFile; fileRef = 3F155F7F1C0CC9290022F4DD /* PreferencesConfig.m */; };
		3F155F831C0CC9B80022F4DD /* PlistConfig.m in Sources */ = {isa = PBXBuildFile; fileRef = 3F155F821C0CC9B80022F4DD /* PlistConfig.m */; };
		3F9E17C21BD13AF3000343E1 /* Preferences.xib in Resources */ = {isa = PBXBuildFile; fileRef = 3F9E17C11BD13AF3000343E1 /* Preferences.xib */; };
		3FBEF3DC19BE2B5700744FB9 /* main.m in Sources */ = {isa = PBXBuildFile; fileRef = 3FBEF3DB19BE2B5700744FB9 /* main.m */; };
		3FBEF3DF19BE2B5700744FB9 /* AppDelegate.m in Sources */ = {isa = PBXBuildFile; fileRef = 3FBEF3DE19BE2B5700744FB9 /* AppDelegate.m */; };
		3FBEF3E119BE2B5700744FB9 /* Images.xcassets in Resources */ = {isa = PBXBuildFile; fileRef = 3FBEF3E019BE2B5700744FB9 /* Images.xcassets */; };
		3FBEF3E419BE2B5700744FB9 /* MainMenu.xib in Resources */ = {isa = PBXBuildFile; fileRef = 3FBEF3E219BE2B5700744FB9 /* MainMenu.xib */; };
		3FBEF3F019BE2B5700744FB9 /* PomodoroTests.m in Sources */ = {isa = PBXBuildFile; fileRef = 3FBEF3EF19BE2B5700744FB9 /* PomodoroTests.m */; };
/* End PBXBuildFile section */

/* Begin PBXContainerItemProxy section */
		3FBEF3EA19BE2B5700744FB9 /* PBXContainerItemProxy */ = {
			isa = PBXContainerItemProxy;
			containerPortal = 3FBEF3CE19BE2B5700744FB9 /* Project object */;
			proxyType = 1;
			remoteGlobalIDString = 3FBEF3D519BE2B5700744FB9;
			remoteInfo = Pomodoro;
		};
/* End PBXContainerItemProxy section */

/* Begin PBXFileReference section */
		3F097A021BCFFC6200F7BB2B /* config.plist */ = {isa = PBXFileReference; fileEncoding = 4; lastKnownFileType = text.plist.xml; path = config.plist; sourceTree = "<group>"; };
		3F155F7D1C0CC89E0022F4DD /* Config.h */ = {isa = PBXFileReference; fileEncoding = 4; lastKnownFileType = sourcecode.c.h; path = Config.h; sourceTree = "<group>"; };
		3F155F7E1C0CC9210022F4DD /* PreferencesConfig.h */ = {isa = PBXFileReference; fileEncoding = 4; lastKnownFileType = sourcecode.c.h; path = PreferencesConfig.h; sourceTree = "<group>"; };
		3F155F7F1C0CC9290022F4DD /* PreferencesConfig.m */ = {isa = PBXFileReference; fileEncoding = 4; lastKnownFileType = sourcecode.c.objc; path = PreferencesConfig.m; sourceTree = "<group>"; };
		3F155F811C0CC99D0022F4DD /* PlistConfig.h */ = {isa = PBXFileReference; fileEncoding = 4; lastKnownFileType = sourcecode.c.h; path = PlistConfig.h; sourceTree = "<group>"; };
		3F155F821C0CC9B80022F4DD /* PlistConfig.m */ = {isa = PBXFileReference; fileEncoding = 4; lastKnownFileType = sourcecode.c.objc; path = PlistConfig.m; sourceTree = "<group>"; };
		3F9E17C11BD13AF3000343E1 /* Preferences.xib */ = {isa = PBXFileReference; fileEncoding = 4; lastKnownFileType = file.xib; path = Preferences.xib; sourceTree = "<group>"; };
		3FBEF3D619BE2B5700744FB9 /* Pomodoro.app */ = {isa = PBXFileReference; explicitFileType = wrapper.application; includeInIndex = 0; path = Pomodoro.app; sourceTree = BUILT_PRODUCTS_DIR; };
		3FBEF3DA19BE2B5700744FB9 /* Info.plist */ = {isa = PBXFileReference; lastKnownFileType = text.plist.xml; path = Info.plist; sourceTree = "<group>"; };
		3FBEF3DB19BE2B5700744FB9 /* main.m */ = {isa = PBXFileReference; lastKnownFileType = sourcecode.c.objc; path = main.m; sourceTree = "<group>"; };
		3FBEF3DD19BE2B5700744FB9 /* AppDelegate.h */ = {isa = PBXFileReference; lastKnownFileType = sourcecode.c.h; path = AppDelegate.h; sourceTree = "<group>"; };
		3FBEF3DE19BE2B5700744FB9 /* AppDelegate.m */ = {isa = PBXFileReference; lastKnownFileType = sourcecode.c.objc; path = AppDelegate.m; sourceTree = "<group>"; };
		3FBEF3E019BE2B5700744FB9 /* Images.xcassets */ = {isa = PBXFileReference; lastKnownFileType = folder.assetcatalog; path = Images.xcassets; sourceTree = "<group>"; };
		3FBEF3E319BE2B5700744FB9 /* Base */ = {isa = PBXFileReference; lastKnownFileType = file.xib; name = Base; path = Base.lproj/MainMenu.xib; sourceTree = "<group>"; };
		3FBEF3E919BE2B5700744FB9 /* PomodoroTests.xctest */ = {isa = PBXFileReference; explicitFileType = wrapper.cfbundle; includeInIndex = 0; path = PomodoroTests.xctest; sourceTree = BUILT_PRODUCTS_DIR; };
		3FBEF3EE19BE2B5700744FB9 /* Info.plist */ = {isa = PBXFileReference; lastKnownFileType = text.plist.xml; path = Info.plist; sourceTree = "<group>"; };
		3FBEF3EF19BE2B5700744FB9 /* PomodoroTests.m */ = {isa = PBXFileReference; lastKnownFileType = sourcecode.c.objc; path = PomodoroTests.m; sourceTree = "<group>"; };
/* End PBXFileReference section */

/* Begin PBXFrameworksBuildPhase section */
		3FBEF3D319BE2B5700744FB9 /* Frameworks */ = {
			isa = PBXFrameworksBuildPhase;
			buildActionMask = 2147483647;
			files = (
			);
			runOnlyForDeploymentPostprocessing = 0;
		};
		3FBEF3E619BE2B5700744FB9 /* Frameworks */ = {
			isa = PBXFrameworksBuildPhase;
			buildActionMask = 2147483647;
			files = (
			);
			runOnlyForDeploymentPostprocessing = 0;
		};
/* End PBXFrameworksBuildPhase section */

/* Begin PBXGroup section */
		3FBEF3CD19BE2B5700744FB9 = {
			isa = PBXGroup;
			children = (
				3FBEF3D819BE2B5700744FB9 /* Pomodoro */,
				3FBEF3EC19BE2B5700744FB9 /* PomodoroTests */,
				3FBEF3D719BE2B5700744FB9 /* Products */,
			);
			sourceTree = "<group>";
		};
		3FBEF3D719BE2B5700744FB9 /* Products */ = {
			isa = PBXGroup;
			children = (
				3FBEF3D619BE2B5700744FB9 /* Pomodoro.app */,
				3FBEF3E919BE2B5700744FB9 /* PomodoroTests.xctest */,
			);
			name = Products;
			sourceTree = "<group>";
		};
		3FBEF3D819BE2B5700744FB9 /* Pomodoro */ = {
			isa = PBXGroup;
			children = (
				3FBEF3DD19BE2B5700744FB9 /* AppDelegate.h */,
				3FBEF3DE19BE2B5700744FB9 /* AppDelegate.m */,
				3F155F7D1C0CC89E0022F4DD /* Config.h */,
				3F155F7E1C0CC9210022F4DD /* PreferencesConfig.h */,
				3F155F7F1C0CC9290022F4DD /* PreferencesConfig.m */,
				3F155F811C0CC99D0022F4DD /* PlistConfig.h */,
				3F155F821C0CC9B80022F4DD /* PlistConfig.m */,
				3F097A021BCFFC6200F7BB2B /* config.plist */,
				3FBEF3E019BE2B5700744FB9 /* Images.xcassets */,
				3FBEF3E219BE2B5700744FB9 /* MainMenu.xib */,
				3F9E17C11BD13AF3000343E1 /* Preferences.xib */,
				3FBEF3D919BE2B5700744FB9 /* Supporting Files */,
			);
			path = Pomodoro;
			sourceTree = "<group>";
		};
		3FBEF3D919BE2B5700744FB9 /* Supporting Files */ = {
			isa = PBXGroup;
			children = (
				3FBEF3DA19BE2B5700744FB9 /* Info.plist */,
				3FBEF3DB19BE2B5700744FB9 /* main.m */,
			);
			name = "Supporting Files";
			sourceTree = "<group>";
		};
		3FBEF3EC19BE2B5700744FB9 /* PomodoroTests */ = {
			isa = PBXGroup;
			children = (
				3FBEF3EF19BE2B5700744FB9 /* PomodoroTests.m */,
				3FBEF3ED19BE2B5700744FB9 /* Supporting Files */,
			);
			path = PomodoroTests;
			sourceTree = "<group>";
		};
		3FBEF3ED19BE2B5700744FB9 /* Supporting Files */ = {
			isa = PBXGroup;
			children = (
				3FBEF3EE19BE2B5700744FB9 /* Info.plist */,
			);
			name = "Supporting Files";
			sourceTree = "<group>";
		};
/* End PBXGroup section */

/* Begin PBXNativeTarget section */
		3FBEF3D519BE2B5700744FB9 /* Pomodoro */ = {
			isa = PBXNativeTarget;
			buildConfigurationList = 3FBEF3F319BE2B5700744FB9 /* Build configuration list for PBXNativeTarget "Pomodoro" */;
			buildPhases = (
				3FBEF3D219BE2B5700744FB9 /* Sources */,
				3FBEF3D319BE2B5700744FB9 /* Frameworks */,
				3FBEF3D419BE2B5700744FB9 /* Resources */,
			);
			buildRules = (
			);
			dependencies = (
			);
			name = Pomodoro;
			productName = Pomodoro;
			productReference = 3FBEF3D619BE2B5700744FB9 /* Pomodoro.app */;
			productType = "com.apple.product-type.application";
		};
		3FBEF3E819BE2B5700744FB9 /* PomodoroTests */ = {
			isa = PBXNativeTarget;
			buildConfigurationList = 3FBEF3F619BE2B5700744FB9 /* Build configuration list for PBXNativeTarget "PomodoroTests" */;
			buildPhases = (
				3FBEF3E519BE2B5700744FB9 /* Sources */,
				3FBEF3E619BE2B5700744FB9 /* Frameworks */,
				3FBEF3E719BE2B5700744FB9 /* Resources */,
			);
			buildRules = (
			);
			dependencies = (
				3FBEF3EB19BE2B5700744FB9 /* PBXTargetDependency */,
			);
			name = PomodoroTests;
			productName = PomodoroTests;
			productReference = 3FBEF3E919BE2B5700744FB9 /* PomodoroTests.xctest */;
			productType = "com.apple.product-type.bundle.unit-test";
		};
/* End PBXNativeTarget section */

/* Begin PBXProject section */
		3FBEF3CE19BE2B5700744FB9 /* Project object */ = {
			isa = PBXProject;
			attributes = {
				LastUpgradeCheck = 0700;
				ORGANIZATIONNAME = "Jeremy W. Sherman";
				TargetAttributes = {
					3FBEF3D519BE2B5700744FB9 = {
						CreatedOnToolsVersion = 6.0;
					};
					3FBEF3E819BE2B5700744FB9 = {
						CreatedOnToolsVersion = 6.0;
						TestTargetID = 3FBEF3D519BE2B5700744FB9;
					};
				};
			};
			buildConfigurationList = 3FBEF3D119BE2B5700744FB9 /* Build configuration list for PBXProject "Pomodoro" */;
			compatibilityVersion = "Xcode 3.2";
			developmentRegion = English;
			hasScannedForEncodings = 0;
			knownRegions = (
				en,
				Base,
			);
			mainGroup = 3FBEF3CD19BE2B5700744FB9;
			productRefGroup = 3FBEF3D719BE2B5700744FB9 /* Products */;
			projectDirPath = "";
			projectRoot = "";
			targets = (
				3FBEF3D519BE2B5700744FB9 /* Pomodoro */,
				3FBEF3E819BE2B5700744FB9 /* PomodoroTests */,
			);
		};
/* End PBXProject section */

/* Begin PBXResourcesBuildPhase section */
		3FBEF3D419BE2B5700744FB9 /* Resources */ = {
			isa = PBXResourcesBuildPhase;
			buildActionMask = 2147483647;
			files = (
				3FBEF3E119BE2B5700744FB9 /* Images.xcassets in Resources */,
				3FBEF3E419BE2B5700744FB9 /* MainMenu.xib in Resources */,
				3F9E17C21BD13AF3000343E1 /* Preferences.xib in Resources */,
				3F097A031BCFFC6200F7BB2B /* config.plist in Resources */,
			);
			runOnlyForDeploymentPostprocessing = 0;
		};
		3FBEF3E719BE2B5700744FB9 /* Resources */ = {
			isa = PBXResourcesBuildPhase;
			buildActionMask = 2147483647;
			files = (
			);
			runOnlyForDeploymentPostprocessing = 0;
		};
/* End PBXResourcesBuildPhase section */

/* Begin PBXSourcesBuildPhase section */
		3FBEF3D219BE2B5700744FB9 /* Sources */ = {
			isa = PBXSourcesBuildPhase;
			buildActionMask = 2147483647;
			files = (
				3FBEF3DF19BE2B5700744FB9 /* AppDelegate.m in Sources */,
				3F155F801C0CC9290022F4DD /* PreferencesConfig.m in Sources */,
				3F155F831C0CC9B80022F4DD /* PlistConfig.m in Sources */,
				3FBEF3DC19BE2B5700744FB9 /* main.m in Sources */,
			);
			runOnlyForDeploymentPostprocessing = 0;
		};
		3FBEF3E519BE2B5700744FB9 /* Sources */ = {
			isa = PBXSourcesBuildPhase;
			buildActionMask = 2147483647;
			files = (
				3FBEF3F019BE2B5700744FB9 /* PomodoroTests.m in Sources */,
			);
			runOnlyForDeploymentPostprocessing = 0;
		};
/* End PBXSourcesBuildPhase section */

/* Begin PBXTargetDependency section */
		3FBEF3EB19BE2B5700744FB9 /* PBXTargetDependency */ = {
			isa = PBXTargetDependency;
			target = 3FBEF3D519BE2B5700744FB9 /* Pomodoro */;
			targetProxy = 3FBEF3EA19BE2B5700744FB9 /* PBXContainerItemProxy */;
		};
/* End PBXTargetDependency section */

/* Begin PBXVariantGroup section */
		3FBEF3E219BE2B5700744FB9 /* MainMenu.xib */ = {
			isa = PBXVariantGroup;
			children = (
				3FBEF3E319BE2B5700744FB9 /* Base */,
			);
			name = MainMenu.xib;
			sourceTree = "<group>";
		};
/* End PBXVariantGroup section */

/* Begin XCBuildConfiguration section */
		3FBEF3F119BE2B5700744FB9 /* Debug */ = {
			isa = XCBuildConfiguration;
			buildSettings = {
				ALWAYS_SEARCH_USER_PATHS = NO;
				CLANG_CXX_LANGUAGE_STANDARD = "gnu++0x";
				CLANG_CXX_LIBRARY = "libc++";
				CLANG_ENABLE_MODULES = YES;
				CLANG_ENABLE_OBJC_ARC = YES;
				CLANG_WARN_BOOL_CONVERSION = YES;
				CLANG_WARN_CONSTANT_CONVERSION = YES;
				CLANG_WARN_DIRECT_OBJC_ISA_USAGE = YES_ERROR;
				CLANG_WARN_EMPTY_BODY = YES;
				CLANG_WARN_ENUM_CONVERSION = YES;
				CLANG_WARN_INT_CONVERSION = YES;
				CLANG_WARN_OBJC_ROOT_CLASS = YES_ERROR;
				CLANG_WARN_UNREACHABLE_CODE = YES;
				CLANG_WARN__DUPLICATE_METHOD_MATCH = YES;
				CODE_SIGN_IDENTITY = "-";
				COPY_PHASE_STRIP = NO;
				ENABLE_STRICT_OBJC_MSGSEND = YES;
				ENABLE_TESTABILITY = YES;
				GCC_C_LANGUAGE_STANDARD = gnu99;
				GCC_DYNAMIC_NO_PIC = NO;
				GCC_OPTIMIZATION_LEVEL = 0;
				GCC_PREPROCESSOR_DEFINITIONS = (
					"DEBUG=1",
					"$(inherited)",
				);
				GCC_SYMBOLS_PRIVATE_EXTERN = NO;
				GCC_WARN_64_TO_32_BIT_CONVERSION = YES;
				GCC_WARN_ABOUT_RETURN_TYPE = YES_ERROR;
				GCC_WARN_UNDECLARED_SELECTOR = YES;
				GCC_WARN_UNINITIALIZED_AUTOS = YES_AGGRESSIVE;
				GCC_WARN_UNUSED_FUNCTION = YES;
				GCC_WARN_UNUSED_VARIABLE = YES;
				MACOSX_DEPLOYMENT_TARGET = 10.9;
				MTL_ENABLE_DEBUG_INFO = YES;
				ONLY_ACTIVE_ARCH = YES;
				SDKROOT = macosx;
			};
			name = Debug;
		};
		3FBEF3F219BE2B5700744FB9 /* Release */ = {
			isa = XCBuildConfiguration;
			buildSettings = {
				ALWAYS_SEARCH_USER_PATHS = NO;
				CLANG_CXX_LANGUAGE_STANDARD = "gnu++0x";
				CLANG_CXX_LIBRARY = "libc++";
				CLANG_ENABLE_MODULES = YES;
				CLANG_ENABLE_OBJC_ARC = YES;
				CLANG_WARN_BOOL_CONVERSION = YES;
				CLANG_WARN_CONSTANT_CONVERSION = YES;
				CLANG_WARN_DIRECT_OBJC_ISA_USAGE = YES_ERROR;
				CLANG_WARN_EMPTY_BODY = YES;
				CLANG_WARN_ENUM_CONVERSION = YES;
				CLANG_WARN_INT_CONVERSION = YES;
				CLANG_WARN_OBJC_ROOT_CLASS = YES_ERROR;
				CLANG_WARN_UNREACHABLE_CODE = YES;
				CLANG_WARN__DUPLICATE_METHOD_MATCH = YES;
				CODE_SIGN_IDENTITY = "-";
				COPY_PHASE_STRIP = YES;
				DEBUG_INFORMATION_FORMAT = "dwarf-with-dsym";
				ENABLE_NS_ASSERTIONS = NO;
				ENABLE_STRICT_OBJC_MSGSEND = YES;
				GCC_C_LANGUAGE_STANDARD = gnu99;
				GCC_WARN_64_TO_32_BIT_CONVERSION = YES;
				GCC_WARN_ABOUT_RETURN_TYPE = YES_ERROR;
				GCC_WARN_UNDECLARED_SELECTOR = YES;
				GCC_WARN_UNINITIALIZED_AUTOS = YES_AGGRESSIVE;
				GCC_WARN_UNUSED_FUNCTION = YES;
				GCC_WARN_UNUSED_VARIABLE = YES;
				MACOSX_DEPLOYMENT_TARGET = 10.9;
				MTL_ENABLE_DEBUG_INFO = NO;
				SDKROOT = macosx;
			};
			name = Release;
		};
		3FBEF3F419BE2B5700744FB9 /* Debug */ = {
			isa = XCBuildConfiguration;
			buildSettings = {
				ASSETCATALOG_COMPILER_APPICON_NAME = AppIcon;
				COMBINE_HIDPI_IMAGES = YES;
				INFOPLIST_FILE = Pomodoro/Info.plist;
				LD_RUNPATH_SEARCH_PATHS = "$(inherited) @executable_path/../Frameworks";
				PRODUCT_BUNDLE_IDENTIFIER = "com.jeremywsherman.$(PRODUCT_NAME:rfc1034identifier)";
				PRODUCT_NAME = "$(TARGET_NAME)";
			};
			name = Debug;
		};
		3FBEF3F519BE2B5700744FB9 /* Release */ = {
			isa = XCBuildConfiguration;
			buildSettings = {
				ASSETCATALOG_COMPILER_APPICON_NAME = AppIcon;
				COMBINE_HIDPI_IMAGES = YES;
				INFOPLIST_FILE = Pomodoro/Info.plist;
				LD_RUNPATH_SEARCH_PATHS = "$(inherited) @executable_path/../Frameworks";
				PRODUCT_BUNDLE_IDENTIFIER = "com.jeremywsherman.$(PRODUCT_NAME:rfc1034identifier)";
				PRODUCT_NAME = "$(TARGET_NAME)";
			};
			name = Release;
		};
		3FBEF3F719BE2B5700744FB9 /* Debug */ = {
			isa = XCBuildConfiguration;
			buildSettings = {
				BUNDLE_LOADER = "$(TEST_HOST)";
				COMBINE_HIDPI_IMAGES = YES;
				FRAMEWORK_SEARCH_PATHS = (
					"$(DEVELOPER_FRAMEWORKS_DIR)",
					"$(inherited)",
				);
				GCC_PREPROCESSOR_DEFINITIONS = (
					"DEBUG=1",
					"$(inherited)",
				);
				INFOPLIST_FILE = PomodoroTests/Info.plist;
				LD_RUNPATH_SEARCH_PATHS = "$(inherited) @executable_path/../Frameworks @loader_path/../Frameworks";
				PRODUCT_BUNDLE_IDENTIFIER = "com.jeremywsherman.$(PRODUCT_NAME:rfc1034identifier)";
				PRODUCT_NAME = "$(TARGET_NAME)";
				TEST_HOST = "$(BUILT_PRODUCTS_DIR)/Pomodoro.app/Contents/MacOS/Pomodoro";
			};
			name = Debug;
		};
		3FBEF3F819BE2B5700744FB9 /* Release */ = {
			isa = XCBuildConfiguration;
			buildSettings = {
				BUNDLE_LOADER = "$(TEST_HOST)";
				COMBINE_HIDPI_IMAGES = YES;
				FRAMEWORK_SEARCH_PATHS = (
					"$(DEVELOPER_FRAMEWORKS_DIR)",
					"$(inherited)",
				);
				INFOPLIST_FILE = PomodoroTests/Info.plist;
				LD_RUNPATH_SEARCH_PATHS = "$(inherited) @executable_path/../Frameworks @loader_path/../Frameworks";
				PRODUCT_BUNDLE_IDENTIFIER = "com.jeremywsherman.$(PRODUCT_NAME:rfc1034identifier)";
				PRODUCT_NAME = "$(TARGET_NAME)";
				TEST_HOST = "$(BUILT_PRODUCTS_DIR)/Pomodoro.app/Contents/MacOS/Pomodoro";
			};
			name = Release;
		};
/* End XCBuildConfiguration section */

/* Begin XCConfigurationList section */
		3FBEF3D119BE2B5700744FB9 /* Build configuration list for PBXProject "Pomodoro" */ = {
			isa = XCConfigurationList;
			buildConfigurations = (
				3FBEF3F119BE2B5700744FB9 /* Debug */,
				3FBEF3F219BE2B5700744FB9 /* Release */,
			);
			defaultConfigurationIsVisible = 0;
			defaultConfigurationName = Release;
		};
		3FBEF3F319BE2B5700744FB9 /* Build configuration list for PBXNativeTarget "Pomodoro" */ = {
			isa = XCConfigurationList;
			buildConfigurations = (
				3FBEF3F419BE2B5700744FB9 /* Debug */,
				3FBEF3F519BE2B5700744FB9 /* Release */,
			);
			defaultConfigurationIsVisible = 0;
			defaultConfigurationName = Release;
		};
		3FBEF3F619BE2B5700744FB9 /* Build configuration list for PBXNativeTarget "PomodoroTests" */ = {
			isa = XCConfigurationList;
			buildConfigurations = (
				3FBEF3F719BE2B5700744FB9 /* Debug */,
				3FBEF3F819BE2B5700744FB9 /* Release */,
			);
			defaultConfigurationIsVisible = 0;
			defaultConfigurationName = Release;
		};
/* End XCConfigurationList section */
	};
	rootObject = 3FBEF3CE19BE2B5700744FB9 /* Project object */;
}
